
Microsoft Visual Studio Solution File, Format Version 12.00
# Visual Studio Version 16
VisualStudioVersion = 16.0.31729.503
MinimumVisualStudioVersion = 10.0.40219.1
Project("{FAE04EC0-301F-11D3-BF4B-00C04F79EFBC}") = "Proiect_Meniuri_APP", "Proiect_Meniuri_APP\Proiect_Meniuri_APP.csproj", "{6351E050-0F69-4500-85A1-4B6CE839B665}"
EndProject
Global
	GlobalSection(SolutionConfigurationPlatforms) = preSolution
		Debug|Any CPU = Debug|Any CPU
		Release|Any CPU = Release|Any CPU
	EndGlobalSection
	GlobalSection(ProjectConfigurationPlatforms) = postSolution
		{6351E050-0F69-4500-85A1-4B6CE839B665}.Debug|Any CPU.ActiveCfg = Debug|Any CPU
		{6351E050-0F69-4500-85A1-4B6CE839B665}.Debug|Any CPU.Build.0 = Debug|Any CPU
		{6351E050-0F69-4500-85A1-4B6CE839B665}.Release|Any CPU.ActiveCfg = Release|Any CPU
		{6351E050-0F69-4500-85A1-4B6CE839B665}.Release|Any CPU.Build.0 = Release|Any CPU
	EndGlobalSection
	GlobalSection(SolutionProperties) = preSolution
		HideSolutionNode = FALSE
	EndGlobalSection
	GlobalSection(ExtensibilityGlobals) = postSolution
		SolutionGuid = {F13B31E0-141C-499F-88CC-1EF0B9822834}
	EndGlobalSection
EndGlobal
